
Microsoft Visual Studio Solution File, Format Version 12.00
# Visual Studio 15
VisualStudioVersion = 15.0.26730.15
MinimumVisualStudioVersion = 10.0.40219.1
Project("{151D2E53-A2C4-4D7D-83FE-D05416EBD58E}") = "WineStoreTemplate", "WineStoreTemplate\WineStoreTemplate.deployproj", "{2C42B235-A4FE-4C92-AD96-5EA933493977}"
EndProject
Global
	GlobalSection(SolutionConfigurationPlatforms) = preSolution
		Debug|Any CPU = Debug|Any CPU
		Release|Any CPU = Release|Any CPU
	EndGlobalSection
	GlobalSection(ProjectConfigurationPlatforms) = postSolution
		{2C42B235-A4FE-4C92-AD96-5EA933493977}.Debug|Any CPU.ActiveCfg = Debug|Any CPU
		{2C42B235-A4FE-4C92-AD96-5EA933493977}.Debug|Any CPU.Build.0 = Debug|Any CPU
		{2C42B235-A4FE-4C92-AD96-5EA933493977}.Release|Any CPU.ActiveCfg = Release|Any CPU
		{2C42B235-A4FE-4C92-AD96-5EA933493977}.Release|Any CPU.Build.0 = Release|Any CPU
	EndGlobalSection
	GlobalSection(SolutionProperties) = preSolution
		HideSolutionNode = FALSE
	EndGlobalSection
	GlobalSection(ExtensibilityGlobals) = postSolution
		SolutionGuid = {284E7612-92B5-46B7-AFFD-F15FEA43819C}
	EndGlobalSection
EndGlobal
